
Microsoft Visual Studio Solution File, Format Version 12.00
# Visual Studio Version 17
VisualStudioVersion = 17.0.31903.59
MinimumVisualStudioVersion = 10.0.40219.1
Project("{9A19103F-16F7-4668-BE54-9A1E7A4F7556}") = "Server.Arkaine", "Server\Server.Arkaine.csproj", "{86FB223A-677D-4A32-AEF7-3ACDE1129E51}"
EndProject
Project("{9A19103F-16F7-4668-BE54-9A1E7A4F7556}") = "Server.Arkaine.Tests", "Tests\Server.Arkaine.Tests.csproj", "{6365BFD1-D9A9-40B6-B581-6ED3D53453FC}"
EndProject
Global
	GlobalSection(SolutionConfigurationPlatforms) = preSolution
		Debug|Any CPU = Debug|Any CPU
		Release|Any CPU = Release|Any CPU
	EndGlobalSection
	GlobalSection(ProjectConfigurationPlatforms) = postSolution
		{86FB223A-677D-4A32-AEF7-3ACDE1129E51}.Debug|Any CPU.ActiveCfg = Debug|Any CPU
		{86FB223A-677D-4A32-AEF7-3ACDE1129E51}.Debug|Any CPU.Build.0 = Debug|Any CPU
		{86FB223A-677D-4A32-AEF7-3ACDE1129E51}.Release|Any CPU.ActiveCfg = Release|Any CPU
		{86FB223A-677D-4A32-AEF7-3ACDE1129E51}.Release|Any CPU.Build.0 = Release|Any CPU
		{6365BFD1-D9A9-40B6-B581-6ED3D53453FC}.Debug|Any CPU.ActiveCfg = Debug|Any CPU
		{6365BFD1-D9A9-40B6-B581-6ED3D53453FC}.Debug|Any CPU.Build.0 = Debug|Any CPU
		{6365BFD1-D9A9-40B6-B581-6ED3D53453FC}.Release|Any CPU.ActiveCfg = Release|Any CPU
		{6365BFD1-D9A9-40B6-B581-6ED3D53453FC}.Release|Any CPU.Build.0 = Release|Any CPU
	EndGlobalSection
	GlobalSection(SolutionProperties) = preSolution
		HideSolutionNode = FALSE
	EndGlobalSection
	GlobalSection(ExtensibilityGlobals) = postSolution
		SolutionGuid = {E9436AEA-E544-4CC1-B294-F40D5594B399}
	EndGlobalSection
EndGlobal
